
Microsoft Visual Studio Solution File, Format Version 12.00
# Visual Studio Version 17
VisualStudioVersion = 17.4.33213.308
MinimumVisualStudioVersion = 10.0.40219.1
Project("{FAE04EC0-301F-11D3-BF4B-00C04F79EFBC}") = "AppClaseVehiculo", "AppClaseVehiculo\AppClaseVehiculo.csproj", "{264FCB32-72F0-4155-8FA5-8DB533AFF05C}"
EndProject
Global
	GlobalSection(SolutionConfigurationPlatforms) = preSolution
		Debug|Any CPU = Debug|Any CPU
		Release|Any CPU = Release|Any CPU
	EndGlobalSection
	GlobalSection(ProjectConfigurationPlatforms) = postSolution
		{264FCB32-72F0-4155-8FA5-8DB533AFF05C}.Debug|Any CPU.ActiveCfg = Debug|Any CPU
		{264FCB32-72F0-4155-8FA5-8DB533AFF05C}.Debug|Any CPU.Build.0 = Debug|Any CPU
		{264FCB32-72F0-4155-8FA5-8DB533AFF05C}.Release|Any CPU.ActiveCfg = Release|Any CPU
		{264FCB32-72F0-4155-8FA5-8DB533AFF05C}.Release|Any CPU.Build.0 = Release|Any CPU
	EndGlobalSection
	GlobalSection(SolutionProperties) = preSolution
		HideSolutionNode = FALSE
	EndGlobalSection
	GlobalSection(ExtensibilityGlobals) = postSolution
		SolutionGuid = {A2F110CA-4568-450D-9AB4-DEBED26B29C5}
	EndGlobalSection
EndGlobal
